
Microsoft Visual Studio Solution File, Format Version 12.00
# Visual Studio Version 16
VisualStudioVersion = 16.0.31313.79
MinimumVisualStudioVersion = 10.0.40219.1
Project("{9A19103F-16F7-4668-BE54-9A1E7A4F7556}") = "SinusSkateboardsWebApp", "SinusSkateboardsWebApp\SinusSkateboardsWebApp.csproj", "{9699C174-1F82-448B-848C-B0BE7E789220}"
EndProject
Global
	GlobalSection(SolutionConfigurationPlatforms) = preSolution
		Debug|Any CPU = Debug|Any CPU
		Release|Any CPU = Release|Any CPU
	EndGlobalSection
	GlobalSection(ProjectConfigurationPlatforms) = postSolution
		{9699C174-1F82-448B-848C-B0BE7E789220}.Debug|Any CPU.ActiveCfg = Debug|Any CPU
		{9699C174-1F82-448B-848C-B0BE7E789220}.Debug|Any CPU.Build.0 = Debug|Any CPU
		{9699C174-1F82-448B-848C-B0BE7E789220}.Release|Any CPU.ActiveCfg = Release|Any CPU
		{9699C174-1F82-448B-848C-B0BE7E789220}.Release|Any CPU.Build.0 = Release|Any CPU
	EndGlobalSection
	GlobalSection(SolutionProperties) = preSolution
		HideSolutionNode = FALSE
	EndGlobalSection
	GlobalSection(ExtensibilityGlobals) = postSolution
		SolutionGuid = {70DE056F-1CC4-4D27-93CB-B6D14BBE754C}
	EndGlobalSection
EndGlobal
